lockfileVersion: '9.0'

settings:
  autoInstallPeers: true
  excludeLinksFromLockfile: false

importers:

  .:
    dependencies:
      pocketbase:
        specifier: ^0.25.2
        version: 0.25.2

packages:

  pocketbase@0.25.2:
    resolution: {integrity: sha512-ONZl1+qHJMnhR2uacBlBJ90lm7njtL/zy0606+1ROfK9hSL4LRBRc8r89rMcNRzPzRqCNyoFTh2Qg/lYXdEC1w==}

snapshots:

  pocketbase@0.25.2: {}
